{
  "name": "tikalexe-build",
  "version": "1.0.0",
  "lockfileVersion": 3,
  "requires": true,
  "packages": {
    "": {
      "name": "tikalexe-build",
      "version": "1.0.0",
      "license": "MIT",
      "dependencies": {
        "@shockpkg/swf-projector": "^6.0.6"
      }
    },
    "node_modules/@shockpkg/archive-files": {
      "version": "3.2.2",
      "resolved": "https://registry.npmjs.org/@shockpkg/archive-files/-/archive-files-3.2.2.tgz",
      "integrity": "sha512-hgC3gOJJyaUGT73a47e2yX2l9cgpS0MRMjMZtn3ucNROXhCPYZhXtCwxRg56WBBmzsAxiqbCw8WaBdxvNq7sJA==",
      "dependencies": {
        "@shockpkg/hdi-mac": "^3.1.1",
        "it-tar": "^6.0.1",
        "unbzip2-stream": "^1.4.3",
        "yauzl": "^2.10.0"
      },
      "engines": {
        "node": ">=18.12.0"
      }
    },
    "node_modules/@shockpkg/hdi-mac": {
      "version": "3.1.1",
      "resolved": "https://registry.npmjs.org/@shockpkg/hdi-mac/-/hdi-mac-3.1.1.tgz",
      "integrity": "sha512-YqQjt7JCmHO7Ehza0xTcKOaW7EtbPEVNMvaK8XOC/BiORI/zfdUaq8VZ9BTicdCi+TszqPWCSSYI7MoG85DlxA==",
      "dependencies": {
        "@shockpkg/plist-dom": "^4.0.4"
      },
      "engines": {
        "node": ">=18.12.0"
      }
    },
    "node_modules/@shockpkg/plist-dom": {
      "version": "4.0.4",
      "resolved": "https://registry.npmjs.org/@shockpkg/plist-dom/-/plist-dom-4.0.4.tgz",
      "integrity": "sha512-g13s4uJkBycBELk2tIFdOC6l4t70pldwVpBj53KtW5zEGXeLdj0BcjgWZulR+1Q4ImfZ28qenH4QeRBcVHeTHA==",
      "dependencies": {
        "@xmldom/xmldom": "^0.8.10"
      },
      "engines": {
        "node": ">=18.12.0"
      }
    },
    "node_modules/@shockpkg/resedit": {
      "version": "2.0.2",
      "resolved": "https://registry.npmjs.org/@shockpkg/resedit/-/resedit-2.0.2.tgz",
      "integrity": "sha512-N9vmChr5oVZSrIECq8gGzr6aiMrBRBAAcj5fZ8qohIrK+us8evsViH8DMx3IyLSvdRKDsUzqtzCiXCi4C6PTWA==",
      "engines": {
        "node": ">=14"
      }
    },
    "node_modules/@shockpkg/swf-projector": {
      "version": "6.0.6",
      "resolved": "https://registry.npmjs.org/@shockpkg/swf-projector/-/swf-projector-6.0.6.tgz",
      "integrity": "sha512-BHNL6eIKpUuW92A63J/Kp1iQfb9tzx4GaMWKEZ9E72Q4lqBbVEHYDg3Mwehk0oXuTmRw1hVR6n3DCD3F/etT+w==",
      "dependencies": {
        "@shockpkg/archive-files": "^3.2.2",
        "@shockpkg/plist-dom": "^4.0.4",
        "@shockpkg/resedit": "^2.0.2",
        "macho-unsign": "^2.0.3",
        "portable-executable-signature": "^2.0.3"
      },
      "engines": {
        "node": ">=18.12.0"
      }
    },
    "node_modules/@xmldom/xmldom": {
      "version": "0.8.10",
      "resolved": "https://registry.npmjs.org/@xmldom/xmldom/-/xmldom-0.8.10.tgz",
      "integrity": "sha512-2WALfTl4xo2SkGCYRt6rDTFfk9R1czmBvUQy12gK2KuRKIpWEhcbbzy8EZXtz/jkRqHX8bFEc6FC1HjX4TUWYw==",
      "engines": {
        "node": ">=10.0.0"
      }
    },
    "node_modules/base64-js": {
      "version": "1.5.1",
      "resolved": "https://registry.npmjs.org/base64-js/-/base64-js-1.5.1.tgz",
      "integrity": "sha512-AKpaYlHn8t4SVbOHCy+b5+KKgvR4vrsD8vbvrbiQJps7fKDTkjkDry6ji0rUJjC0kzbNePLwzxq8iypo41qeWA==",
      "funding": [
        {
          "type": "github",
          "url": "https://github.com/sponsors/feross"
        },
        {
          "type": "patreon",
          "url": "https://www.patreon.com/feross"
        },
        {
          "type": "consulting",
          "url": "https://feross.org/support"
        }
      ]
    },
    "node_modules/buffer": {
      "version": "5.7.1",
      "resolved": "https://registry.npmjs.org/buffer/-/buffer-5.7.1.tgz",
      "integrity": "sha512-EHcyIPBQ4BSGlvjB16k5KgAJ27CIsHY/2JBmCRReo48y9rQ3MaUzWX3KVlBa4U7MyX02HdVj0K7C3WaB3ju7FQ==",
      "funding": [
        {
          "type": "github",
          "url": "https://github.com/sponsors/feross"
        },
        {
          "type": "patreon",
          "url": "https://www.patreon.com/feross"
        },
        {
          "type": "consulting",
          "url": "https://feross.org/support"
        }
      ],
      "dependencies": {
        "base64-js": "^1.3.1",
        "ieee754": "^1.1.13"
      }
    },
    "node_modules/buffer-crc32": {
      "version": "0.2.13",
      "resolved": "https://registry.npmjs.org/buffer-crc32/-/buffer-crc32-0.2.13.tgz",
      "integrity": "sha512-VO9Ht/+p3SN7SKWqcrgEzjGbRSJYTx+Q1pTQC0wrWqHx0vpJraQ6GtHx8tvcg1rlK1byhU5gccxgOgj7B0TDkQ==",
      "engines": {
        "node": "*"
      }
    },
    "node_modules/fd-slicer": {
      "version": "1.1.0",
      "resolved": "https://registry.npmjs.org/fd-slicer/-/fd-slicer-1.1.0.tgz",
      "integrity": "sha512-cE1qsB/VwyQozZ+q1dGxR8LBYNZeofhEdUNGSMbQD3Gw2lAzX9Zb3uIU6Ebc/Fmyjo9AWWfnn0AUCHqtevs/8g==",
      "dependencies": {
        "pend": "~1.2.0"
      }
    },
    "node_modules/ieee754": {
      "version": "1.2.1",
      "resolved": "https://registry.npmjs.org/ieee754/-/ieee754-1.2.1.tgz",
      "integrity": "sha512-dcyqhDvX1C46lXZcVqCpK+FtMRQVdIMN6/Df5js2zouUsqG7I6sFxitIC+7KYK29KdXOLHdu9zL4sFnoVQnqaA==",
      "funding": [
        {
          "type": "github",
          "url": "https://github.com/sponsors/feross"
        },
        {
          "type": "patreon",
          "url": "https://www.patreon.com/feross"
        },
        {
          "type": "consulting",
          "url": "https://feross.org/support"
        }
      ]
    },
    "node_modules/iso-constants": {
      "version": "0.1.2",
      "resolved": "https://registry.npmjs.org/iso-constants/-/iso-constants-0.1.2.tgz",
      "integrity": "sha512-OTCM5ZCQsHBCI4Wdu4tSxvDIkmDHd5EwJDps5mKqnQnWJSKlnwMs3EDZ4n3Fh1tmkWkDlyd2vCDbEYuPbyrUNQ==",
      "hasInstallScript": true,
      "engines": {
        "node": ">=10"
      }
    },
    "node_modules/it-reader": {
      "version": "6.0.4",
      "resolved": "https://registry.npmjs.org/it-reader/-/it-reader-6.0.4.tgz",
      "integrity": "sha512-XCWifEcNFFjjBHtor4Sfaj8rcpt+FkY0L6WdhD578SCDhV4VUm7fCkF3dv5a+fTcfQqvN9BsxBTvWbYO6iCjTg==",
      "dependencies": {
        "it-stream-types": "^2.0.1",
        "uint8arraylist": "^2.0.0"
      },
      "engines": {
        "node": ">=16.0.0",
        "npm": ">=7.0.0"
      }
    },
    "node_modules/it-reader/node_modules/it-stream-types": {
      "version": "2.0.1",
      "resolved": "https://registry.npmjs.org/it-stream-types/-/it-stream-types-2.0.1.tgz",
      "integrity": "sha512-6DmOs5r7ERDbvS4q8yLKENcj6Yecr7QQTqWApbZdfAUTEC947d+PEha7PCqhm//9oxaLYL7TWRekwhoXl2s6fg==",
      "engines": {
        "node": ">=16.0.0",
        "npm": ">=7.0.0"
      }
    },
    "node_modules/it-stream-types": {
      "version": "1.0.5",
      "resolved": "https://registry.npmjs.org/it-stream-types/-/it-stream-types-1.0.5.tgz",
      "integrity": "sha512-I88Ka1nHgfX62e5mi5LLL+oueqz7Ltg0bUdtsUKDe9SoUqbQPf2Mp5kxDTe9pNhHQGs4pvYPAINwuZ1HAt42TA==",
      "engines": {
        "node": ">=16.0.0",
        "npm": ">=7.0.0"
      }
    },
    "node_modules/it-tar": {
      "version": "6.0.1",
      "resolved": "https://registry.npmjs.org/it-tar/-/it-tar-6.0.1.tgz",
      "integrity": "sha512-KMKNqYQr/m3mJE0ERg6F2Snlk1d68tEMeOP0bPf5vboka1y0L7CZD2nlf57H+C9R31TA0SbtiOqkblRxEIONfg==",
      "dependencies": {
        "iso-constants": "^0.1.2",
        "it-reader": "^6.0.1",
        "it-stream-types": "^1.0.4",
        "it-to-buffer": "^3.0.0",
        "p-defer": "^4.0.0",
        "uint8arraylist": "^2.3.2",
        "uint8arrays": "^4.0.2"
      },
      "engines": {
        "node": ">=16.0.0",
        "npm": ">=7.0.0"
      }
    },
    "node_modules/it-to-buffer": {
      "version": "3.0.1",
      "resolved": "https://registry.npmjs.org/it-to-buffer/-/it-to-buffer-3.0.1.tgz",
      "integrity": "sha512-TiMudfypF2yW+HdNfhDgbkNQ42yuK1MizB716kwnzIJSQa8AM15zh+VZG2L/xQWaqyWfra1dr9neWO55xsYolA==",
      "dependencies": {
        "uint8arrays": "^4.0.2"
      },
      "engines": {
        "node": ">=16.0.0",
        "npm": ">=7.0.0"
      }
    },
    "node_modules/macho-unsign": {
      "version": "2.0.3",
      "resolved": "https://registry.npmjs.org/macho-unsign/-/macho-unsign-2.0.3.tgz",
      "integrity": "sha512-ESJlV7ygMSFBAKZqrCMliDgvWTK9YY7l17rvk+j216dnLZn8sAVitV8gx2jQJcdq11phXqoigdyDj0jjlMLJoA==",
      "engines": {
        "node": ">=18.12.0"
      }
    },
    "node_modules/multiformats": {
      "version": "12.1.3",
      "resolved": "https://registry.npmjs.org/multiformats/-/multiformats-12.1.3.tgz",
      "integrity": "sha512-eajQ/ZH7qXZQR2AgtfpmSMizQzmyYVmCql7pdhldPuYQi4atACekbJaQplk6dWyIi10jCaFnd6pqvcEFXjbaJw==",
      "engines": {
        "node": ">=16.0.0",
        "npm": ">=7.0.0"
      }
    },
    "node_modules/p-defer": {
      "version": "4.0.0",
      "resolved": "https://registry.npmjs.org/p-defer/-/p-defer-4.0.0.tgz",
      "integrity": "sha512-Vb3QRvQ0Y5XnF40ZUWW7JfLogicVh/EnA5gBIvKDJoYpeI82+1E3AlB9yOcKFS0AhHrWVnAQO39fbR0G99IVEQ==",
      "engines": {
        "node": ">=12"
      },
      "funding": {
        "url": "https://github.com/sponsors/sindresorhus"
      }
    },
    "node_modules/pend": {
      "version": "1.2.0",
      "resolved": "https://registry.npmjs.org/pend/-/pend-1.2.0.tgz",
      "integrity": "sha512-F3asv42UuXchdzt+xXqfW1OGlVBe+mxa2mqI0pg5yAHZPvFmY3Y6drSf/GQ1A86WgWEN9Kzh/WrgKa6iGcHXLg=="
    },
    "node_modules/portable-executable-signature": {
      "version": "2.0.3",
      "resolved": "https://registry.npmjs.org/portable-executable-signature/-/portable-executable-signature-2.0.3.tgz",
      "integrity": "sha512-bxEHbtzUHgf2GAUal1ZHlOh6fkjQbCC5W8Cs8RiIprfY+wr81M0DSRNuy229CKjMDeZDVcMuLkTQ+K3KfutEWA==",
      "engines": {
        "node": ">=18.12.0"
      }
    },
    "node_modules/through": {
      "version": "2.3.8",
      "resolved": "https://registry.npmjs.org/through/-/through-2.3.8.tgz",
      "integrity": "sha512-w89qg7PI8wAdvX60bMDP+bFoD5Dvhm9oLheFp5O4a2QF0cSBGsBX4qZmadPMvVqlLJBBci+WqGGOAPvcDeNSVg=="
    },
    "node_modules/uint8arraylist": {
      "version": "2.4.8",
      "resolved": "https://registry.npmjs.org/uint8arraylist/-/uint8arraylist-2.4.8.tgz",
      "integrity": "sha512-vc1PlGOzglLF0eae1M8mLRTBivsvrGsdmJ5RbK3e+QRvRLOZfZhQROTwH/OfyF3+ZVUg9/8hE8bmKP2CvP9quQ==",
      "dependencies": {
        "uint8arrays": "^5.0.1"
      }
    },
    "node_modules/uint8arraylist/node_modules/multiformats": {
      "version": "13.0.1",
      "resolved": "https://registry.npmjs.org/multiformats/-/multiformats-13.0.1.tgz",
      "integrity": "sha512-bt3R5iXe2O8xpp3wkmQhC73b/lC4S2ihU8Dndwcsysqbydqb8N+bpP116qMcClZ17g58iSIwtXUTcg2zT4sniA=="
    },
    "node_modules/uint8arraylist/node_modules/uint8arrays": {
      "version": "5.0.1",
      "resolved": "https://registry.npmjs.org/uint8arrays/-/uint8arrays-5.0.1.tgz",
      "integrity": "sha512-ND5RpJAnPgHmZT7hWD/2T4BwRp04j8NLKvMKC/7bhiEwEjUMkQ4kvBKiH6hOqbljd6qJ2xS8reL3vl1e33grOQ==",
      "dependencies": {
        "multiformats": "^13.0.0"
      }
    },
    "node_modules/uint8arrays": {
      "version": "4.0.10",
      "resolved": "https://registry.npmjs.org/uint8arrays/-/uint8arrays-4.0.10.tgz",
      "integrity": "sha512-AnJNUGGDJAgFw/eWu/Xb9zrVKEGlwJJCaeInlf3BkecE/zcTobk5YXYIPNQJO1q5Hh1QZrQQHf0JvcHqz2hqoA==",
      "dependencies": {
        "multiformats": "^12.0.1"
      }
    },
    "node_modules/unbzip2-stream": {
      "version": "1.4.3",
      "resolved": "https://registry.npmjs.org/unbzip2-stream/-/unbzip2-stream-1.4.3.tgz",
      "integrity": "sha512-mlExGW4w71ebDJviH16lQLtZS32VKqsSfk80GCfUlwT/4/hNRFsoscrF/c++9xinkMzECL1uL9DDwXqFWkruPg==",
      "dependencies": {
        "buffer": "^5.2.1",
        "through": "^2.3.8"
      }
    },
    "node_modules/yauzl": {
      "version": "2.10.0",
      "resolved": "https://registry.npmjs.org/yauzl/-/yauzl-2.10.0.tgz",
      "integrity": "sha512-p4a9I6X6nu6IhoGmBqAcbJy1mlC4j27vEPZX9F4L4/vZT3Lyq1VkFHw/V/PUcB9Buo+DG3iHkT0x3Qya58zc3g==",
      "dependencies": {
        "buffer-crc32": "~0.2.3",
        "fd-slicer": "~1.1.0"
      }
    }
  }
}
